# This file was autogenerated by Stack.
# You should not edit this file by hand.
# For more information, please see the documentation at:
#   https://docs.haskellstack.org/en/stable/lock_files

packages:
- completed:
    hackage: xmobar-0.36@sha256:93ba52b821c6103a9a85ba3acab34fbc5b5cff71d4a1a1d20ea3d1d067a2fc68,11919
    pantry-tree:
      sha256: 178e322a2fdf41ea4a56bd0cd4d3e7dc8e9e6a99fabadedf5eeb4d20df459bc0
      size: 6404
  original:
    hackage: xmobar-0.36
snapshots:
- completed:
    sha256: adbc602422dde10cc330175da7de8609e70afc41449a7e2d6e8b1827aa0e5008
    size: 649342
    url: https://raw.githubusercontent.com/commercialhaskell/stackage-snapshots/master/lts/20/11.yaml
  original: lts-20.11
